// !$*UTF8*$!
{
	archiveVersion = 1;
	classes = {
	};
	objectVersion = 46;
	objects = {

/* Begin PBXBuildFile section */
		CF286A5A169C7F7700EE444A /* UIKit.framework in Frameworks */ = {isa = PBXBuildFile; fileRef = CF286A59169C7F7700EE444A /* UIKit.framework */; };
		CF286A5C169C7F7700EE444A /* Foundation.framework in Frameworks */ = {isa = PBXBuildFile; fileRef = CF286A5B169C7F7700EE444A /* Foundation.framework */; };
		CF286A5E169C7F7700EE444A /* CoreGraphics.framework in Frameworks */ = {isa = PBXBuildFile; fileRef = CF286A5D169C7F7700EE444A /* CoreGraphics.framework */; };
		CF286A64169C7F7700EE444A /* InfoPlist.strings in Resources */ = {isa = PBXBuildFile; fileRef = CF286A62169C7F7700EE444A /* InfoPlist.strings */; };
		CF286A66169C7F7700EE444A /* main.m in Sources */ = {isa = PBXBuildFile; fileRef = CF286A65169C7F7700EE444A /* main.m */; };
		CF286A6A169C7F7700EE444A /* IAPAppDelegate.m in Sources */ = {isa = PBXBuildFile; fileRef = CF286A69169C7F7700EE444A /* IAPAppDelegate.m */; };
		CF286A6C169C7F7700EE444A /* Default.png in Resources */ = {isa = PBXBuildFile; fileRef = CF286A6B169C7F7700EE444A /* Default.png */; };
		CF286A6E169C7F7700EE444A /* Default@2x.png in Resources */ = {isa = PBXBuildFile; fileRef = CF286A6D169C7F7700EE444A /* Default@2x.png */; };
		CF286A70169C7F7700EE444A /* Default-568h@2x.png in Resources */ = {isa = PBXBuildFile; fileRef = CF286A6F169C7F7700EE444A /* Default-568h@2x.png */; };
		CF286A73169C7F7700EE444A /* MainStoryboard.storyboard in Resources */ = {isa = PBXBuildFile; fileRef = CF286A71169C7F7700EE444A /* MainStoryboard.storyboard */; };
		CF286A76169C7F7700EE444A /* IAPViewController.m in Sources */ = {isa = PBXBuildFile; fileRef = CF286A75169C7F7700EE444A /* IAPViewController.m */; };
		CF286ADE169C851F00EE444A /* NSData+MKBase64.m in Sources */ = {isa = PBXBuildFile; fileRef = CF286ACA169C851F00EE444A /* NSData+MKBase64.m */; };
		CF286ADF169C851F00EE444A /* SFHFKeychainUtils.m in Sources */ = {isa = PBXBuildFile; fileRef = CF286ACC169C851F00EE444A /* SFHFKeychainUtils.m */; };
		CF286AE0169C851F00EE444A /* MKSKProduct.m in Sources */ = {isa = PBXBuildFile; fileRef = CF286ACE169C851F00EE444A /* MKSKProduct.m */; };
		CF286AE1169C851F00EE444A /* MKSKSubscriptionProduct.m in Sources */ = {isa = PBXBuildFile; fileRef = CF286AD0169C851F00EE444A /* MKSKSubscriptionProduct.m */; };
		CF286AE2169C851F00EE444A /* MKStoreKitConfigs.plist in Resources */ = {isa = PBXBuildFile; fileRef = CF286AD2169C851F00EE444A /* MKStoreKitConfigs.plist */; };
		CF286AE3169C851F00EE444A /* MKStoreManager.m in Sources */ = {isa = PBXBuildFile; fileRef = CF286AD4169C851F00EE444A /* MKStoreManager.m */; };
		CF286AE4169C851F00EE444A /* README.mdown in Resources */ = {isa = PBXBuildFile; fileRef = CF286AD5169C851F00EE444A /* README.mdown */; };
		CF286AEA169C851F00EE444A /* VerificationController.m in Sources */ = {isa = PBXBuildFile; fileRef = CF286ADD169C851F00EE444A /* VerificationController.m */; };
		CF286AEC169C85B100EE444A /* Security.framework in Frameworks */ = {isa = PBXBuildFile; fileRef = CF286AEB169C85B100EE444A /* Security.framework */; };
		CF286AEE169C85BC00EE444A /* StoreKit.framework in Frameworks */ = {isa = PBXBuildFile; fileRef = CF286AED169C85BC00EE444A /* StoreKit.framework */; };
/* End PBXBuildFile section */

/* Begin PBXFileReference section */
		CF286A55169C7F7700EE444A /* iOSKW IAP Test 1.app */ = {isa = PBXFileReference; explicitFileType = wrapper.application; includeInIndex = 0; path = "iOSKW IAP Test 1.app"; sourceTree = BUILT_PRODUCTS_DIR; };
		CF286A59169C7F7700EE444A /* UIKit.framework */ = {isa = PBXFileReference; lastKnownFileType = wrapper.framework; name = UIKit.framework; path = System/Library/Frameworks/UIKit.framework; sourceTree = SDKROOT; };
		CF286A5B169C7F7700EE444A /* Foundation.framework */ = {isa = PBXFileReference; lastKnownFileType = wrapper.framework; name = Foundation.framework; path = System/Library/Frameworks/Foundation.framework; sourceTree = SDKROOT; };
		CF286A5D169C7F7700EE444A /* CoreGraphics.framework */ = {isa = PBXFileReference; lastKnownFileType = wrapper.framework; name = CoreGraphics.framework; path = System/Library/Frameworks/CoreGraphics.framework; sourceTree = SDKROOT; };
		CF286A61169C7F7700EE444A /* iOSKW IAP Test 1-Info.plist */ = {isa = PBXFileReference; lastKnownFileType = text.plist.xml; path = "iOSKW IAP Test 1-Info.plist"; sourceTree = "<group>"; };
		CF286A63169C7F7700EE444A /* en */ = {isa = PBXFileReference; lastKnownFileType = text.plist.strings; name = en; path = en.lproj/InfoPlist.strings; sourceTree = "<group>"; };
		CF286A65169C7F7700EE444A /* main.m */ = {isa = PBXFileReference; lastKnownFileType = sourcecode.c.objc; path = main.m; sourceTree = "<group>"; };
		CF286A67169C7F7700EE444A /* iOSKW IAP Test 1-Prefix.pch */ = {isa = PBXFileReference; lastKnownFileType = sourcecode.c.h; path = "iOSKW IAP Test 1-Prefix.pch"; sourceTree = "<group>"; };
		CF286A68169C7F7700EE444A /* IAPAppDelegate.h */ = {isa = PBXFileReference; lastKnownFileType = sourcecode.c.h; path = IAPAppDelegate.h; sourceTree = "<group>"; };
		CF286A69169C7F7700EE444A /* IAPAppDelegate.m */ = {isa = PBXFileReference; lastKnownFileType = sourcecode.c.objc; path = IAPAppDelegate.m; sourceTree = "<group>"; };
		CF286A6B169C7F7700EE444A /* Default.png */ = {isa = PBXFileReference; lastKnownFileType = image.png; path = Default.png; sourceTree = "<group>"; };
		CF286A6D169C7F7700EE444A /* Default@2x.png */ = {isa = PBXFileReference; lastKnownFileType = image.png; path = "Default@2x.png"; sourceTree = "<group>"; };
		CF286A6F169C7F7700EE444A /* Default-568h@2x.png */ = {isa = PBXFileReference; lastKnownFileType = image.png; path = "Default-568h@2x.png"; sourceTree = "<group>"; };
		CF286A72169C7F7700EE444A /* en */ = {isa = PBXFileReference; lastKnownFileType = file.storyboard; name = en; path = en.lproj/MainStoryboard.storyboard; sourceTree = "<group>"; };
		CF286A74169C7F7700EE444A /* IAPViewController.h */ = {isa = PBXFileReference; lastKnownFileType = sourcecode.c.h; path = IAPViewController.h; sourceTree = "<group>"; };
		CF286A75169C7F7700EE444A /* IAPViewController.m */ = {isa = PBXFileReference; lastKnownFileType = sourcecode.c.objc; path = IAPViewController.m; sourceTree = "<group>"; };
		CF286AC9169C851F00EE444A /* NSData+MKBase64.h */ = {isa = PBXFileReference; fileEncoding = 4; lastKnownFileType = sourcecode.c.h; path = "NSData+MKBase64.h"; sourceTree = "<group>"; };
		CF286ACA169C851F00EE444A /* NSData+MKBase64.m */ = {isa = PBXFileReference; fileEncoding = 4; lastKnownFileType = sourcecode.c.objc; path = "NSData+MKBase64.m"; sourceTree = "<group>"; };
		CF286ACB169C851F00EE444A /* SFHFKeychainUtils.h */ = {isa = PBXFileReference; fileEncoding = 4; lastKnownFileType = sourcecode.c.h; path = SFHFKeychainUtils.h; sourceTree = "<group>"; };
		CF286ACC169C851F00EE444A /* SFHFKeychainUtils.m */ = {isa = PBXFileReference; fileEncoding = 4; lastKnownFileType = sourcecode.c.objc; path = SFHFKeychainUtils.m; sourceTree = "<group>"; };
		CF286ACD169C851F00EE444A /* MKSKProduct.h */ = {isa = PBXFileReference; fileEncoding = 4; lastKnownFileType = sourcecode.c.h; path = MKSKProduct.h; sourceTree = "<group>"; };
		CF286ACE169C851F00EE444A /* MKSKProduct.m */ = {isa = PBXFileReference; fileEncoding = 4; lastKnownFileType = sourcecode.c.objc; path = MKSKProduct.m; sourceTree = "<group>"; };
		CF286ACF169C851F00EE444A /* MKSKSubscriptionProduct.h */ = {isa = PBXFileReference; fileEncoding = 4; lastKnownFileType = sourcecode.c.h; path = MKSKSubscriptionProduct.h; sourceTree = "<group>"; };
		CF286AD0169C851F00EE444A /* MKSKSubscriptionProduct.m */ = {isa = PBXFileReference; fileEncoding = 4; lastKnownFileType = sourcecode.c.objc; path = MKSKSubscriptionProduct.m; sourceTree = "<group>"; };
		CF286AD1169C851F00EE444A /* MKStoreKitConfigs.h */ = {isa = PBXFileReference; fileEncoding = 4; lastKnownFileType = sourcecode.c.h; path = MKStoreKitConfigs.h; sourceTree = "<group>"; };
		CF286AD2169C851F00EE444A /* MKStoreKitConfigs.plist */ = {isa = PBXFileReference; fileEncoding = 4; lastKnownFileType = text.plist.xml; path = MKStoreKitConfigs.plist; sourceTree = "<group>"; };
		CF286AD3169C851F00EE444A /* MKStoreManager.h */ = {isa = PBXFileReference; fileEncoding = 4; lastKnownFileType = sourcecode.c.h; path = MKStoreManager.h; sourceTree = "<group>"; };
		CF286AD4169C851F00EE444A /* MKStoreManager.m */ = {isa = PBXFileReference; fileEncoding = 4; lastKnownFileType = sourcecode.c.objc; path = MKStoreManager.m; sourceTree = "<group>"; };
		CF286AD5169C851F00EE444A /* README.mdown */ = {isa = PBXFileReference; fileEncoding = 4; lastKnownFileType = text; path = README.mdown; sourceTree = "<group>"; };
		CF286ADC169C851F00EE444A /* VerificationController.h */ = {isa = PBXFileReference; fileEncoding = 4; lastKnownFileType = sourcecode.c.h; path = VerificationController.h; sourceTree = "<group>"; };
		CF286ADD169C851F00EE444A /* VerificationController.m */ = {isa = PBXFileReference; fileEncoding = 4; lastKnownFileType = sourcecode.c.objc; path = VerificationController.m; sourceTree = "<group>"; };
		CF286AEB169C85B100EE444A /* Security.framework */ = {isa = PBXFileReference; lastKnownFileType = wrapper.framework; name = Security.framework; path = System/Library/Frameworks/Security.framework; sourceTree = SDKROOT; };
		CF286AED169C85BC00EE444A /* StoreKit.framework */ = {isa = PBXFileReference; lastKnownFileType = wrapper.framework; name = StoreKit.framework; path = System/Library/Frameworks/StoreKit.framework; sourceTree = SDKROOT; };
/* End PBXFileReference section */

/* Begin PBXFrameworksBuildPhase section */
		CF286A52169C7F7700EE444A /* Frameworks */ = {
			isa = PBXFrameworksBuildPhase;
			buildActionMask = 2147483647;
			files = (
				CF286AEE169C85BC00EE444A /* StoreKit.framework in Frameworks */,
				CF286AEC169C85B100EE444A /* Security.framework in Frameworks */,
				CF286A5A169C7F7700EE444A /* UIKit.framework in Frameworks */,
				CF286A5C169C7F7700EE444A /* Foundation.framework in Frameworks */,
				CF286A5E169C7F7700EE444A /* CoreGraphics.framework in Frameworks */,
			);
			runOnlyForDeploymentPostprocessing = 0;
		};
/* End PBXFrameworksBuildPhase section */

/* Begin PBXGroup section */
		CF286A4A169C7F7700EE444A = {
			isa = PBXGroup;
			children = (
				CF286AED169C85BC00EE444A /* StoreKit.framework */,
				CF286AEB169C85B100EE444A /* Security.framework */,
				CF286A5F169C7F7700EE444A /* iOSKW IAP Test 1 */,
				CF286A58169C7F7700EE444A /* Frameworks */,
				CF286A56169C7F7700EE444A /* Products */,
			);
			sourceTree = "<group>";
		};
		CF286A56169C7F7700EE444A /* Products */ = {
			isa = PBXGroup;
			children = (
				CF286A55169C7F7700EE444A /* iOSKW IAP Test 1.app */,
			);
			name = Products;
			sourceTree = "<group>";
		};
		CF286A58169C7F7700EE444A /* Frameworks */ = {
			isa = PBXGroup;
			children = (
				CF286A59169C7F7700EE444A /* UIKit.framework */,
				CF286A5B169C7F7700EE444A /* Foundation.framework */,
				CF286A5D169C7F7700EE444A /* CoreGraphics.framework */,
			);
			name = Frameworks;
			sourceTree = "<group>";
		};
		CF286A5F169C7F7700EE444A /* iOSKW IAP Test 1 */ = {
			isa = PBXGroup;
			children = (
				CF286A68169C7F7700EE444A /* IAPAppDelegate.h */,
				CF286A69169C7F7700EE444A /* IAPAppDelegate.m */,
				CF286A71169C7F7700EE444A /* MainStoryboard.storyboard */,
				CF286A74169C7F7700EE444A /* IAPViewController.h */,
				CF286A75169C7F7700EE444A /* IAPViewController.m */,
				CF286AC7169C851F00EE444A /* MKStoreKit */,
				CF286A60169C7F7700EE444A /* Supporting Files */,
			);
			path = "iOSKW IAP Test 1";
			sourceTree = "<group>";
		};
		CF286A60169C7F7700EE444A /* Supporting Files */ = {
			isa = PBXGroup;
			children = (
				CF286A61169C7F7700EE444A /* iOSKW IAP Test 1-Info.plist */,
				CF286A62169C7F7700EE444A /* InfoPlist.strings */,
				CF286A65169C7F7700EE444A /* main.m */,
				CF286A67169C7F7700EE444A /* iOSKW IAP Test 1-Prefix.pch */,
				CF286A6B169C7F7700EE444A /* Default.png */,
				CF286A6D169C7F7700EE444A /* Default@2x.png */,
				CF286A6F169C7F7700EE444A /* Default-568h@2x.png */,
			);
			name = "Supporting Files";
			sourceTree = "<group>";
		};
		CF286AC7169C851F00EE444A /* MKStoreKit */ = {
			isa = PBXGroup;
			children = (
				CF286AC8169C851F00EE444A /* Externals */,
				CF286ACD169C851F00EE444A /* MKSKProduct.h */,
				CF286ACE169C851F00EE444A /* MKSKProduct.m */,
				CF286ACF169C851F00EE444A /* MKSKSubscriptionProduct.h */,
				CF286AD0169C851F00EE444A /* MKSKSubscriptionProduct.m */,
				CF286AD1169C851F00EE444A /* MKStoreKitConfigs.h */,
				CF286AD2169C851F00EE444A /* MKStoreKitConfigs.plist */,
				CF286AD3169C851F00EE444A /* MKStoreManager.h */,
				CF286AD4169C851F00EE444A /* MKStoreManager.m */,
				CF286AD5169C851F00EE444A /* README.mdown */,
				CF286ADC169C851F00EE444A /* VerificationController.h */,
				CF286ADD169C851F00EE444A /* VerificationController.m */,
			);
			path = MKStoreKit;
			sourceTree = SOURCE_ROOT;
		};
		CF286AC8169C851F00EE444A /* Externals */ = {
			isa = PBXGroup;
			children = (
				CF286AC9169C851F00EE444A /* NSData+MKBase64.h */,
				CF286ACA169C851F00EE444A /* NSData+MKBase64.m */,
				CF286ACB169C851F00EE444A /* SFHFKeychainUtils.h */,
				CF286ACC169C851F00EE444A /* SFHFKeychainUtils.m */,
			);
			path = Externals;
			sourceTree = "<group>";
		};
/* End PBXGroup section */

/* Begin PBXNativeTarget section */
		CF286A54169C7F7700EE444A /* iOSKW IAP Test 1 */ = {
			isa = PBXNativeTarget;
			buildConfigurationList = CF286A79169C7F7700EE444A /* Build configuration list for PBXNativeTarget "iOSKW IAP Test 1" */;
			buildPhases = (
				CF286A51169C7F7700EE444A /* Sources */,
				CF286A52169C7F7700EE444A /* Frameworks */,
				CF286A53169C7F7700EE444A /* Resources */,
			);
			buildRules = (
			);
			dependencies = (
			);
			name = "iOSKW IAP Test 1";
			productName = "iOSKW IAP Test 1";
			productReference = CF286A55169C7F7700EE444A /* iOSKW IAP Test 1.app */;
			productType = "com.apple.product-type.application";
		};
/* End PBXNativeTarget section */

/* Begin PBXProject section */
		CF286A4C169C7F7700EE444A /* Project object */ = {
			isa = PBXProject;
			attributes = {
				CLASSPREFIX = IAP;
				LastUpgradeCheck = 0450;
				ORGANIZATIONNAME = "Teak Mobile Inc";
			};
			buildConfigurationList = CF286A4F169C7F7700EE444A /* Build configuration list for PBXProject "iOSKW IAP Test 1" */;
			compatibilityVersion = "Xcode 3.2";
			developmentRegion = English;
			hasScannedForEncodings = 0;
			knownRegions = (
				en,
			);
			mainGroup = CF286A4A169C7F7700EE444A;
			productRefGroup = CF286A56169C7F7700EE444A /* Products */;
			projectDirPath = "";
			projectRoot = "";
			targets = (
				CF286A54169C7F7700EE444A /* iOSKW IAP Test 1 */,
			);
		};
/* End PBXProject section */

/* Begin PBXResourcesBuildPhase section */
		CF286A53169C7F7700EE444A /* Resources */ = {
			isa = PBXResourcesBuildPhase;
			buildActionMask = 2147483647;
			files = (
				CF286A64169C7F7700EE444A /* InfoPlist.strings in Resources */,
				CF286A6C169C7F7700EE444A /* Default.png in Resources */,
				CF286A6E169C7F7700EE444A /* Default@2x.png in Resources */,
				CF286A70169C7F7700EE444A /* Default-568h@2x.png in Resources */,
				CF286A73169C7F7700EE444A /* MainStoryboard.storyboard in Resources */,
				CF286AE2169C851F00EE444A /* MKStoreKitConfigs.plist in Resources */,
				CF286AE4169C851F00EE444A /* README.mdown in Resources */,
			);
			runOnlyForDeploymentPostprocessing = 0;
		};
/* End PBXResourcesBuildPhase section */

/* Begin PBXSourcesBuildPhase section */
		CF286A51169C7F7700EE444A /* Sources */ = {
			isa = PBXSourcesBuildPhase;
			buildActionMask = 2147483647;
			files = (
				CF286A66169C7F7700EE444A /* main.m in Sources */,
				CF286A6A169C7F7700EE444A /* IAPAppDelegate.m in Sources */,
				CF286A76169C7F7700EE444A /* IAPViewController.m in Sources */,
				CF286ADE169C851F00EE444A /* NSData+MKBase64.m in Sources */,
				CF286ADF169C851F00EE444A /* SFHFKeychainUtils.m in Sources */,
				CF286AE0169C851F00EE444A /* MKSKProduct.m in Sources */,
				CF286AE1169C851F00EE444A /* MKSKSubscriptionProduct.m in Sources */,
				CF286AE3169C851F00EE444A /* MKStoreManager.m in Sources */,
				CF286AEA169C851F00EE444A /* VerificationController.m in Sources */,
			);
			runOnlyForDeploymentPostprocessing = 0;
		};
/* End PBXSourcesBuildPhase section */

/* Begin PBXVariantGroup section */
		CF286A62169C7F7700EE444A /* InfoPlist.strings */ = {
			isa = PBXVariantGroup;
			children = (
				CF286A63169C7F7700EE444A /* en */,
			);
			name = InfoPlist.strings;
			sourceTree = "<group>";
		};
		CF286A71169C7F7700EE444A /* MainStoryboard.storyboard */ = {
			isa = PBXVariantGroup;
			children = (
				CF286A72169C7F7700EE444A /* en */,
			);
			name = MainStoryboard.storyboard;
			sourceTree = "<group>";
		};
/* End PBXVariantGroup section */

/* Begin XCBuildConfiguration section */
		CF286A77169C7F7700EE444A /* Debug */ = {
			isa = XCBuildConfiguration;
			buildSettings = {
				ALWAYS_SEARCH_USER_PATHS = NO;
				CLANG_CXX_LANGUAGE_STANDARD = "gnu++0x";
				CLANG_CXX_LIBRARY = "libc++";
				CLANG_ENABLE_OBJC_ARC = YES;
				CLANG_WARN_EMPTY_BODY = YES;
				CLANG_WARN__DUPLICATE_METHOD_MATCH = YES;
				"CODE_SIGN_IDENTITY[sdk=iphoneos*]" = "iPhone Developer";
				COPY_PHASE_STRIP = NO;
				GCC_C_LANGUAGE_STANDARD = gnu99;
				GCC_DYNAMIC_NO_PIC = NO;
				GCC_OPTIMIZATION_LEVEL = 0;
				GCC_PREPROCESSOR_DEFINITIONS = (
					"DEBUG=1",
					"$(inherited)",
				);
				GCC_SYMBOLS_PRIVATE_EXTERN = NO;
				GCC_WARN_ABOUT_RETURN_TYPE = YES;
				GCC_WARN_UNINITIALIZED_AUTOS = YES;
				GCC_WARN_UNUSED_VARIABLE = YES;
				IPHONEOS_DEPLOYMENT_TARGET = 6.0;
				ONLY_ACTIVE_ARCH = YES;
				SDKROOT = iphoneos;
			};
			name = Debug;
		};
		CF286A78169C7F7700EE444A /* Release */ = {
			isa = XCBuildConfiguration;
			buildSettings = {
				ALWAYS_SEARCH_USER_PATHS = NO;
				CLANG_CXX_LANGUAGE_STANDARD = "gnu++0x";
				CLANG_CXX_LIBRARY = "libc++";
				CLANG_ENABLE_OBJC_ARC = YES;
				CLANG_WARN_EMPTY_BODY = YES;
				CLANG_WARN__DUPLICATE_METHOD_MATCH = YES;
				"CODE_SIGN_IDENTITY[sdk=iphoneos*]" = "iPhone Developer";
				COPY_PHASE_STRIP = YES;
				GCC_C_LANGUAGE_STANDARD = gnu99;
				GCC_WARN_ABOUT_RETURN_TYPE = YES;
				GCC_WARN_UNINITIALIZED_AUTOS = YES;
				GCC_WARN_UNUSED_VARIABLE = YES;
				IPHONEOS_DEPLOYMENT_TARGET = 6.0;
				OTHER_CFLAGS = "-DNS_BLOCK_ASSERTIONS=1";
				SDKROOT = iphoneos;
				VALIDATE_PRODUCT = YES;
			};
			name = Release;
		};
		CF286A7A169C7F7700EE444A /* Debug */ = {
			isa = XCBuildConfiguration;
			buildSettings = {
				GCC_PRECOMPILE_PREFIX_HEADER = YES;
				GCC_PREFIX_HEADER = "iOSKW IAP Test 1/iOSKW IAP Test 1-Prefix.pch";
				INFOPLIST_FILE = "iOSKW IAP Test 1/iOSKW IAP Test 1-Info.plist";
				PRODUCT_NAME = "$(TARGET_NAME)";
				WRAPPER_EXTENSION = app;
			};
			name = Debug;
		};
		CF286A7B169C7F7700EE444A /* Release */ = {
			isa = XCBuildConfiguration;
			buildSettings = {
				GCC_PRECOMPILE_PREFIX_HEADER = YES;
				GCC_PREFIX_HEADER = "iOSKW IAP Test 1/iOSKW IAP Test 1-Prefix.pch";
				INFOPLIST_FILE = "iOSKW IAP Test 1/iOSKW IAP Test 1-Info.plist";
				PRODUCT_NAME = "$(TARGET_NAME)";
				WRAPPER_EXTENSION = app;
			};
			name = Release;
		};
/* End XCBuildConfiguration section */

/* Begin XCConfigurationList section */
		CF286A4F169C7F7700EE444A /* Build configuration list for PBXProject "iOSKW IAP Test 1" */ = {
			isa = XCConfigurationList;
			buildConfigurations = (
				CF286A77169C7F7700EE444A /* Debug */,
				CF286A78169C7F7700EE444A /* Release */,
			);
			defaultConfigurationIsVisible = 0;
			defaultConfigurationName = Release;
		};
		CF286A79169C7F7700EE444A /* Build configuration list for PBXNativeTarget "iOSKW IAP Test 1" */ = {
			isa = XCConfigurationList;
			buildConfigurations = (
				CF286A7A169C7F7700EE444A /* Debug */,
				CF286A7B169C7F7700EE444A /* Release */,
			);
			defaultConfigurationIsVisible = 0;
		};
/* End XCConfigurationList section */
	};
	rootObject = CF286A4C169C7F7700EE444A /* Project object */;
}
